
Microsoft Visual Studio Solution File, Format Version 11.00
# Visual Studio 2010
Project("{8BC9CEB8-8B4A-11D0-8D11-00A0C91BC942}") = "SelfUpdateModule", "SelfUpdateModule\SelfUpdateModule.vcxproj", "{09BE5DD8-F249-46A3-9EC0-692E35484B45}"
EndProject
Global
	GlobalSection(SolutionConfigurationPlatforms) = preSolution
		Debug|Win32 = Debug|Win32
		Release|Win32 = Release|Win32
	EndGlobalSection
	GlobalSection(ProjectConfigurationPlatforms) = postSolution
		{09BE5DD8-F249-46A3-9EC0-692E35484B45}.Debug|Win32.ActiveCfg = Debug|Win32
		{09BE5DD8-F249-46A3-9EC0-692E35484B45}.Debug|Win32.Build.0 = Debug|Win32
		{09BE5DD8-F249-46A3-9EC0-692E35484B45}.Release|Win32.ActiveCfg = Release|Win32
		{09BE5DD8-F249-46A3-9EC0-692E35484B45}.Release|Win32.Build.0 = Release|Win32
	EndGlobalSection
	GlobalSection(SolutionProperties) = preSolution
		HideSolutionNode = FALSE
	EndGlobalSection
EndGlobal
